
Microsoft Visual Studio Solution File, Format Version 12.00
# Visual Studio 15
VisualStudioVersion = 15.0.27703.2018
MinimumVisualStudioVersion = 10.0.40219.1
Project("{FAE04EC0-301F-11D3-BF4B-00C04F79EFBC}") = "monoShooting", "monoShooting\monoShooting.csproj", "{0652BD79-1456-445B-AAF0-54C4624F9265}"
EndProject
Project("{FAE04EC0-301F-11D3-BF4B-00C04F79EFBC}") = "Bean", "Bean\Bean.csproj", "{8E5C8233-024B-47C8-A648-1B38EE3ABD60}"
EndProject
Project("{FAE04EC0-301F-11D3-BF4B-00C04F79EFBC}") = "XNA2D", "XNA2D\XNA2D.csproj", "{88C14358-E107-41A3-8EF0-6581C1377E72}"
EndProject
Project("{FAE04EC0-301F-11D3-BF4B-00C04F79EFBC}") = "FontProcessor", "FontProcessor\FontProcessor.csproj", "{C00FB3C3-6D34-447E-A40D-7A73505CB6DD}"
EndProject
Global
	GlobalSection(SolutionConfigurationPlatforms) = preSolution
		Debug|Any CPU = Debug|Any CPU
		Debug|x86 = Debug|x86
		Release|Any CPU = Release|Any CPU
		Release|x86 = Release|x86
	EndGlobalSection
	GlobalSection(ProjectConfigurationPlatforms) = postSolution
		{0652BD79-1456-445B-AAF0-54C4624F9265}.Debug|Any CPU.ActiveCfg = Debug|x86
		{0652BD79-1456-445B-AAF0-54C4624F9265}.Debug|x86.ActiveCfg = Debug|x86
		{0652BD79-1456-445B-AAF0-54C4624F9265}.Debug|x86.Build.0 = Debug|x86
		{0652BD79-1456-445B-AAF0-54C4624F9265}.Release|Any CPU.ActiveCfg = Release|x86
		{0652BD79-1456-445B-AAF0-54C4624F9265}.Release|x86.ActiveCfg = Release|x86
		{0652BD79-1456-445B-AAF0-54C4624F9265}.Release|x86.Build.0 = Release|x86
		{8E5C8233-024B-47C8-A648-1B38EE3ABD60}.Debug|Any CPU.ActiveCfg = Debug|Any CPU
		{8E5C8233-024B-47C8-A648-1B38EE3ABD60}.Debug|Any CPU.Build.0 = Debug|Any CPU
		{8E5C8233-024B-47C8-A648-1B38EE3ABD60}.Debug|x86.ActiveCfg = Debug|Any CPU
		{8E5C8233-024B-47C8-A648-1B38EE3ABD60}.Debug|x86.Build.0 = Debug|Any CPU
		{8E5C8233-024B-47C8-A648-1B38EE3ABD60}.Release|Any CPU.ActiveCfg = Release|Any CPU
		{8E5C8233-024B-47C8-A648-1B38EE3ABD60}.Release|Any CPU.Build.0 = Release|Any CPU
		{8E5C8233-024B-47C8-A648-1B38EE3ABD60}.Release|x86.ActiveCfg = Release|Any CPU
		{8E5C8233-024B-47C8-A648-1B38EE3ABD60}.Release|x86.Build.0 = Release|Any CPU
		{88C14358-E107-41A3-8EF0-6581C1377E72}.Debug|Any CPU.ActiveCfg = Debug|Any CPU
		{88C14358-E107-41A3-8EF0-6581C1377E72}.Debug|Any CPU.Build.0 = Debug|Any CPU
		{88C14358-E107-41A3-8EF0-6581C1377E72}.Debug|x86.ActiveCfg = Debug|Any CPU
		{88C14358-E107-41A3-8EF0-6581C1377E72}.Debug|x86.Build.0 = Debug|Any CPU
		{88C14358-E107-41A3-8EF0-6581C1377E72}.Release|Any CPU.ActiveCfg = Release|Any CPU
		{88C14358-E107-41A3-8EF0-6581C1377E72}.Release|Any CPU.Build.0 = Release|Any CPU
		{88C14358-E107-41A3-8EF0-6581C1377E72}.Release|x86.ActiveCfg = Release|Any CPU
		{88C14358-E107-41A3-8EF0-6581C1377E72}.Release|x86.Build.0 = Release|Any CPU
		{C00FB3C3-6D34-447E-A40D-7A73505CB6DD}.Debug|Any CPU.ActiveCfg = Debug|Any CPU
		{C00FB3C3-6D34-447E-A40D-7A73505CB6DD}.Debug|Any CPU.Build.0 = Debug|Any CPU
		{C00FB3C3-6D34-447E-A40D-7A73505CB6DD}.Debug|x86.ActiveCfg = Debug|Any CPU
		{C00FB3C3-6D34-447E-A40D-7A73505CB6DD}.Debug|x86.Build.0 = Debug|Any CPU
		{C00FB3C3-6D34-447E-A40D-7A73505CB6DD}.Release|Any CPU.ActiveCfg = Release|Any CPU
		{C00FB3C3-6D34-447E-A40D-7A73505CB6DD}.Release|Any CPU.Build.0 = Release|Any CPU
		{C00FB3C3-6D34-447E-A40D-7A73505CB6DD}.Release|x86.ActiveCfg = Release|Any CPU
		{C00FB3C3-6D34-447E-A40D-7A73505CB6DD}.Release|x86.Build.0 = Release|Any CPU
	EndGlobalSection
	GlobalSection(SolutionProperties) = preSolution
		HideSolutionNode = FALSE
	EndGlobalSection
	GlobalSection(ExtensibilityGlobals) = postSolution
		SolutionGuid = {125C46FE-3C65-4D40-8659-1A2CC6364697}
	EndGlobalSection
EndGlobal
